
Microsoft Visual Studio Solution File, Format Version 12.00
# Visual Studio Version 17
VisualStudioVersion = 17.13.35931.197 d17.13
MinimumVisualStudioVersion = 10.0.40219.1
Project("{FAE04EC0-301F-11D3-BF4B-00C04F79EFBC}") = "Taller", "vehiculos\Taller.csproj", "{0A2A621C-830C-4273-BF66-BD6B81C560C0}"
EndProject
Global
	GlobalSection(SolutionConfigurationPlatforms) = preSolution
		Debug|Any CPU = Debug|Any CPU
		Release|Any CPU = Release|Any CPU
	EndGlobalSection
	GlobalSection(ProjectConfigurationPlatforms) = postSolution
		{0A2A621C-830C-4273-BF66-BD6B81C560C0}.Debug|Any CPU.ActiveCfg = Debug|Any CPU
		{0A2A621C-830C-4273-BF66-BD6B81C560C0}.Debug|Any CPU.Build.0 = Debug|Any CPU
		{0A2A621C-830C-4273-BF66-BD6B81C560C0}.Release|Any CPU.ActiveCfg = Release|Any CPU
		{0A2A621C-830C-4273-BF66-BD6B81C560C0}.Release|Any CPU.Build.0 = Release|Any CPU
	EndGlobalSection
	GlobalSection(SolutionProperties) = preSolution
		HideSolutionNode = FALSE
	EndGlobalSection
	GlobalSection(ExtensibilityGlobals) = postSolution
		SolutionGuid = {14D364A3-70CC-4DCF-8F6C-9690B1E985E1}
	EndGlobalSection
EndGlobal
